# THIS IS AN AUTOGENERATED FILE. DO NOT EDIT THIS FILE DIRECTLY.
# yarn lockfile v1


"@acuminous/bitsyntax@^0.1.2":
  version "0.1.2"
  resolved "https://registry.yarnpkg.com/@acuminous/bitsyntax/-/bitsyntax-0.1.2.tgz#e0b31b9ee7ad1e4dd840c34864327c33d9f1f653"
  integrity sha512-29lUK80d1muEQqiUsSo+3A0yP6CdspgC95EnKBMi22Xlwt79i/En4Vr67+cXhU+cZjbti3TgGGC5wy1stIywVQ==
  dependencies:
    buffer-more-ints "~1.0.0"
    debug "^4.3.4"
    safe-buffer "~5.1.2"

"@noble/hashes@1.2.0", "@noble/hashes@~1.2.0":
  version "1.2.0"
  resolved "https://npm.linecorp.com/@noble%2fhashes/-/hashes-1.2.0.tgz#a3150eeb09cc7ab207ebf6d7b9ad311a9bdbed12"
  integrity sha512-FZfhjEDbT5GRswV3C6uvLPHMiVD6lQBmpoX5+eSiPaMTXte/IKqI5dykDxzZB/WBeK/CDuQRBWarPdi3FNY2zQ==

"@noble/secp256k1@1.7.1", "@noble/secp256k1@~1.7.0":
  version "1.7.1"
  resolved "https://npm.linecorp.com/@noble%2fsecp256k1/-/secp256k1-1.7.1.tgz#b251c70f824ce3ca7f8dc3df08d58f005cc0507c"
  integrity sha512-hOUk6AyBFmqVrv7k5WAw/LpszxVbj9gGN4JRkIX52fdFAj1UA61KXmZDvqVEm+pOyec3+fIeZB02LYa/pWOArw==

"@opentelemetry/api-metrics@0.24.0":
  version "0.24.0"
  resolved "https://registry.yarnpkg.com/@opentelemetry/api-metrics/-/api-metrics-0.24.0.tgz#54e3d6ef20fd9b489446cc3f102b48a212af04d7"
  integrity sha512-hdpkMeVlRGTuMshD2ZFaDjA/U0cZTkxUkJFvS/4yOiWfw+kEASmGE+U0/i9lbdQKuCR7X1rXSjbcYumlHcMG+A==

"@opentelemetry/api@^1.4.1":
  version "1.4.1"
  resolved "https://registry.yarnpkg.com/@opentelemetry/api/-/api-1.4.1.tgz#ff22eb2e5d476fbc2450a196e40dd243cc20c28f"
  integrity sha512-O2yRJce1GOc6PAy3QxFM4NzFiWzvScDC1/5ihYBL6BUEVdq0XMWN01sppE+H6bBXbaFYipjwFLEWLg5PaSOThA==

"@opentelemetry/context-async-hooks@0.24.0":
  version "0.24.0"
  resolved "https://registry.yarnpkg.com/@opentelemetry/context-async-hooks/-/context-async-hooks-0.24.0.tgz#d726cda794f8057c63631d111c7375744ed1cc75"
  integrity sha512-Db8AgMByBEFKLJGSUBlNq4Un/Tqzj5W0hTxx3hIic8DvBwqbvUvkMGuiQYLKE2Ay21cLYMT01xK4TEKz0OxADw==

"@opentelemetry/core@0.24.0":
  version "0.24.0"
  resolved "https://registry.yarnpkg.com/@opentelemetry/core/-/core-0.24.0.tgz#94033ebab10fdf008f8dae19c9547dadef30a2b2"
  integrity sha512-KpsfxBbFTZT9zaB4Es/fFLbvSzVl9Io/8UUu/TYl4/HgqkmyVInNlWTgRiKyz9nsHzFpGP1kdZJj+YIut0IFsw==
  dependencies:
    "@opentelemetry/semantic-conventions" "0.24.0"
    semver "^7.1.3"

"@opentelemetry/core@1.13.0":
  version "1.13.0"
  resolved "https://registry.yarnpkg.com/@opentelemetry/core/-/core-1.13.0.tgz#7cdcb4176d260d279b0aa31456c4ce2ba7f410aa"
  integrity sha512-2dBX3Sj99H96uwJKvc2w9NOiNgbvAO6mOFJFramNkKfS9O4Um+VWgpnlAazoYjT6kUJ1MP70KQ5ngD4ed+4NUw==
  dependencies:
    "@opentelemetry/semantic-conventions" "1.13.0"

"@opentelemetry/exporter-zipkin@^1.13.0":
  version "1.13.0"
  resolved "https://registry.yarnpkg.com/@opentelemetry/exporter-zipkin/-/exporter-zipkin-1.13.0.tgz#156ea40629e293a8bf5d80d7862df43440de13ea"
  integrity sha512-4IuUmYEhlHm8tAGtd6KKkktEO9Bt7dpdBdAPVAzhmXsPwGi0yExo7E5qfi9HtHQcdfP9SnrGRkeorVtrZkGlhg==
  dependencies:
    "@opentelemetry/core" "1.13.0"
    "@opentelemetry/resources" "1.13.0"
    "@opentelemetry/sdk-trace-base" "1.13.0"
    "@opentelemetry/semantic-conventions" "1.13.0"

"@opentelemetry/metrics@^0.24.0":
  version "0.24.0"
  resolved "https://registry.yarnpkg.com/@opentelemetry/metrics/-/metrics-0.24.0.tgz#3298b504049a20316513cd9de726f069b238ec66"
  integrity sha512-QqmQCzrSuJE+sCOJ2xXNhctWPp/Am9ILs0Y01MDS08PRJoK20akKHM7eC4oU8ZdXphMg8rYgW2w7tY8rqvYnJg==
  dependencies:
    "@opentelemetry/api-metrics" "0.24.0"
    "@opentelemetry/core" "0.24.0"
    "@opentelemetry/resources" "0.24.0"
    lodash.merge "^4.6.2"

"@opentelemetry/node@^0.24.0":
  version "0.24.0"
  resolved "https://registry.yarnpkg.com/@opentelemetry/node/-/node-0.24.0.tgz#ef3f3ebc249e71eec2513f1372206f2eae089d85"
  integrity sha512-Sy8QooZFOeVUcJIKetw5xsq15/1ivZovWg0RnKWtzURMQrcOxmQ3bGrXPORklOJxOtf5snDHgT37Y7dBgr+c+g==
  dependencies:
    "@opentelemetry/context-async-hooks" "0.24.0"
    "@opentelemetry/core" "0.24.0"
    "@opentelemetry/propagator-b3" "0.24.0"
    "@opentelemetry/propagator-jaeger" "0.24.0"
    "@opentelemetry/tracing" "0.24.0"
    semver "^7.1.3"

"@opentelemetry/propagator-b3@0.24.0":
  version "0.24.0"
  resolved "https://registry.yarnpkg.com/@opentelemetry/propagator-b3/-/propagator-b3-0.24.0.tgz#b5971dee565b76323dd3b3727acee1c452dd0fec"
  integrity sha512-iV7KSN0LkEAkeVCbhaIJAgTEb7HCnVkprmpgkL6q79rP3vTW4dylwfBYgIwod7y0GT4Ofgomm0NrwwWiuGLbQA==
  dependencies:
    "@opentelemetry/core" "0.24.0"

"@opentelemetry/propagator-jaeger@0.24.0":
  version "0.24.0"
  resolved "https://registry.yarnpkg.com/@opentelemetry/propagator-jaeger/-/propagator-jaeger-0.24.0.tgz#b212df61a28af9e0a49bd0f86436537c4942dcc3"
  integrity sha512-QXCxBwuSka+vXbBZdumtF7YKO84gwTyKy3GelZV5BPlgWoge0AbLR3DfsO9Beu13pmD+4PyuwMw3LfYsgG1+3g==
  dependencies:
    "@opentelemetry/core" "0.24.0"

"@opentelemetry/resources@0.24.0":
  version "0.24.0"
  resolved "https://registry.yarnpkg.com/@opentelemetry/resources/-/resources-0.24.0.tgz#834e5a4d0a64ed4de085add8308be203959c44b4"
  integrity sha512-uEr2m13IRkjQAjX6fsYqJ21aONCspRvuQunaCl8LbH1NS1Gj82TuRUHF6TM82ulBPK8pU+nrrqXKuky2cMcIzw==
  dependencies:
    "@opentelemetry/core" "0.24.0"
    "@opentelemetry/semantic-conventions" "0.24.0"

"@opentelemetry/resources@1.13.0", "@opentelemetry/resources@^1.13.0":
  version "1.13.0"
  resolved "https://registry.yarnpkg.com/@opentelemetry/resources/-/resources-1.13.0.tgz#436b33ea950004e66fce6575f2776a05faca7f8e"
  integrity sha512-euqjOkiN6xhjE//0vQYGvbStxoD/WWQRhDiO0OTLlnLBO9Yw2Gd/VoSx2H+svsebjzYk5OxLuREBmcdw6rbUNg==
  dependencies:
    "@opentelemetry/core" "1.13.0"
    "@opentelemetry/semantic-conventions" "1.13.0"

"@opentelemetry/sdk-trace-base@1.13.0":
  version "1.13.0"
  resolved "https://registry.yarnpkg.com/@opentelemetry/sdk-trace-base/-/sdk-trace-base-1.13.0.tgz#096cc2759430d880c5d886e009df2605097403dc"
  integrity sha512-moTiQtc0uPR1hQLt6gLDJH9IIkeBhgRb71OKjNHZPE1VF45fHtD6nBDi5J/DkTHTwYP5X3kBJLa3xN7ub6J4eg==
  dependencies:
    "@opentelemetry/core" "1.13.0"
    "@opentelemetry/resources" "1.13.0"
    "@opentelemetry/semantic-conventions" "1.13.0"

"@opentelemetry/semantic-conventions@0.24.0":
  version "0.24.0"
  resolved "https://registry.yarnpkg.com/@opentelemetry/semantic-conventions/-/semantic-conventions-0.24.0.tgz#1028ef0e0923b24916158d80d2ddfd67ea8b6740"
  integrity sha512-a/szuMQV0Quy0/M7kKdglcbRSoorleyyOwbTNNJ32O+RBN766wbQlMTvdimImTmwYWGr+NJOni1EcC242WlRcA==

"@opentelemetry/semantic-conventions@1.13.0", "@opentelemetry/semantic-conventions@^1.13.0":
  version "1.13.0"
  resolved "https://registry.yarnpkg.com/@opentelemetry/semantic-conventions/-/semantic-conventions-1.13.0.tgz#0290398b3eaebc6029c348988a78c3b688fe9219"
  integrity sha512-LMGqfSZkaMQXqewO0o1wvWr/2fQdCh4a3Sqlxka/UsJCe0cfLulh6x2aqnKLnsrSGiCq5rSCwvINd152i0nCqw==

"@opentelemetry/tracing@0.24.0", "@opentelemetry/tracing@^0.24.0":
  version "0.24.0"
  resolved "https://registry.yarnpkg.com/@opentelemetry/tracing/-/tracing-0.24.0.tgz#63077fe77b2f450442cb36710ea355db76f60faa"
  integrity sha512-sTLEs1SIon3xV8vLe53PzfbU0FahoxL9NPY/CYvA1mwGbMu4zHkHAjqy1Tc8JmqRrfa+XrHkmzeSM4hrvloBaA==
  dependencies:
    "@opentelemetry/core" "0.24.0"
    "@opentelemetry/resources" "0.24.0"
    "@opentelemetry/semantic-conventions" "0.24.0"
    lodash.merge "^4.6.2"

"@prisma/client@^4.14.0":
  version "4.14.0"
  resolved "https://registry.yarnpkg.com/@prisma/client/-/client-4.14.0.tgz#715b3dd045d094b03cb0a7f2991f088d15ae553e"
  integrity sha512-MK/XaA2sFdfaOa7I9MjNKz6dxeIEdeZlnpNRoF2w3JuRLlFJLkpp6cD3yaqw2nUUhbrn3Iqe3ZpVV+VuGGil7Q==
  dependencies:
    "@prisma/engines-version" "4.14.0-67.d9a4c5988f480fa576d43970d5a23641aa77bc9c"

"@prisma/engines-version@4.14.0-67.d9a4c5988f480fa576d43970d5a23641aa77bc9c":
  version "4.14.0-67.d9a4c5988f480fa576d43970d5a23641aa77bc9c"
  resolved "https://registry.yarnpkg.com/@prisma/engines-version/-/engines-version-4.14.0-67.d9a4c5988f480fa576d43970d5a23641aa77bc9c.tgz#0aeca447c4a5f23c83f68b8033e627b60bc01850"
  integrity sha512-3jum8/YSudeSN0zGW5qkpz+wAN2V/NYCQ+BPjvHYDfWatLWlQkqy99toX0GysDeaUoBIJg1vaz2yKqiA3CFcQw==

"@prisma/engines@4.14.0":
  version "4.14.0"
  resolved "https://registry.yarnpkg.com/@prisma/engines/-/engines-4.14.0.tgz#4bed9e6f3d01bb0e4598e76c1726f33579d6a2c3"
  integrity sha512-PDNlhP/1vyTgmNyiucGqGCdXIp7HIkkvKO50si3y3PcceeHvqtiKPaH1iJdz63jCWMVMbj2MElSxXPOeBvEVIQ==

"@scure/base@1.1.1", "@scure/base@~1.1.0":
  version "1.1.1"
  resolved "https://npm.linecorp.com/@scure%2fbase/-/base-1.1.1.tgz#ebb651ee52ff84f420097055f4bf46cfba403938"
  integrity sha512-ZxOhsSyxYwLJj3pLZCefNitxsj093tb2vq90mp2txoYeBqbcjDjqFhyM8eUjq/uFm6zJ+mUuqxlS2FkuSY1MTA==

"@scure/bip32@1.1.4":
  version "1.1.4"
  resolved "https://npm.linecorp.com/@scure%2fbip32/-/bip32-1.1.4.tgz#2c91a7be0156b15f26dd0c843a06a1917f129efd"
  integrity sha512-m925ACYK0wPELsF7Z/VdLGmKj1StIeHraPMYB9xiAFiq/PnvqWd/99I0TQ2OZhjjlMDsDJeZlyXMWi0beaA7NA==
  dependencies:
    "@noble/hashes" "~1.2.0"
    "@noble/secp256k1" "~1.7.0"
    "@scure/base" "~1.1.0"

"@scure/bip39@1.1.1":
  version "1.1.1"
  resolved "https://npm.linecorp.com/@scure%2fbip39/-/bip39-1.1.1.tgz#b54557b2e86214319405db819c4b6a370cf340c5"
  integrity sha512-t+wDck2rVkh65Hmv280fYdVdY25J9YeEUIgn2LG1WM6gxFkGzcksoDiUkWVpVp3Oex9xGC68JU2dSbUfwZ2jPg==
  dependencies:
    "@noble/hashes" "~1.2.0"
    "@scure/base" "~1.1.0"

amqplib@^0.10.3:
  version "0.10.3"
  resolved "https://registry.yarnpkg.com/amqplib/-/amqplib-0.10.3.tgz#e186a2f74521eb55ec54db6d25ae82c29c1f911a"
  integrity sha512-UHmuSa7n8vVW/a5HGh2nFPqAEr8+cD4dEZ6u9GjP91nHfr1a54RyAKyra7Sb5NH7NBKOUlyQSMXIp0qAixKexw==
  dependencies:
    "@acuminous/bitsyntax" "^0.1.2"
    buffer-more-ints "~1.0.0"
    readable-stream "1.x >=1.1.9"
    url-parse "~1.5.10"

buffer-more-ints@~1.0.0:
  version "1.0.0"
  resolved "https://registry.yarnpkg.com/buffer-more-ints/-/buffer-more-ints-1.0.0.tgz#ef4f8e2dddbad429ed3828a9c55d44f05c611422"
  integrity sha512-EMetuGFz5SLsT0QTnXzINh4Ksr+oo4i+UGTXEshiGCQWnsgSs7ZhJ8fzlwQ+OzEMs0MpDAMr1hxnblp5a4vcHg==

bufferutil@^4.0.1:
  version "4.0.7"
  resolved "https://npm.linecorp.com/bufferutil/-/bufferutil-4.0.7.tgz#60c0d19ba2c992dd8273d3f73772ffc894c153ad"
  integrity sha512-kukuqc39WOHtdxtw4UScxF/WVnMFVSQVKhtx3AjZJzhd0RGZZldcrfSEbVsWWe6KNH253574cq5F+wpv0G9pJw==
  dependencies:
    node-gyp-build "^4.3.0"

chalk@^5.2.0:
  version "5.2.0"
  resolved "https://registry.yarnpkg.com/chalk/-/chalk-5.2.0.tgz#249623b7d66869c673699fb66d65723e54dfcfb3"
  integrity sha512-ree3Gqw/nazQAPuJJEy+avdl7QfZMcUvmHIKgEZkGL+xOBzRvup5Hxo6LHuMceSxOabuJLJm5Yp/92R9eMmMvA==

core-util-is@~1.0.0:
  version "1.0.3"
  resolved "https://registry.yarnpkg.com/core-util-is/-/core-util-is-1.0.3.tgz#a6042d3634c2b27e9328f837b965fac83808db85"
  integrity sha512-ZQBvi1DcpJ4GDqanjucZ2Hj3wEO5pZDS89BWbkcrvdxksJorwUDDZamX9ldFkp9aw2lmBDLgkObEA4DWNJ9FYQ==

d@1, d@^1.0.1:
  version "1.0.1"
  resolved "https://npm.linecorp.com/d/-/d-1.0.1.tgz#8698095372d58dbee346ffd0c7093f99f8f9eb5a"
  integrity sha512-m62ShEObQ39CfralilEQRjH6oAMtNCV1xJyEx5LpRYUVN+EviphDgUc/F3hnYbADmkiNs67Y+3ylmlG7Lnu+FA==
  dependencies:
    es5-ext "^0.10.50"
    type "^1.0.1"

debug@^2.2.0:
  version "2.6.9"
  resolved "https://npm.linecorp.com/debug/-/debug-2.6.9.tgz#5d128515df134ff327e90a4c93f4e077a536341f"
  integrity sha512-bC7ElrdJaJnPbAP+1EotYvqZsb3ecl5wi6Bfi6BJTUcNowp6cvspg0jXznRTKDjm/E7AdgFBVeAPVMNcKGsHMA==
  dependencies:
    ms "2.0.0"

debug@^4.3.4:
  version "4.3.4"
  resolved "https://registry.yarnpkg.com/debug/-/debug-4.3.4.tgz#1319f6579357f2338d3337d2cdd4914bb5dcc865"
  integrity sha512-PRWFHuSU3eDtQJPvnNY7Jcket1j0t5OuOsFzPPzsekD52Zl8qUfFIPEiswXqIvHWGVHOgX+7G/vCNNhehwxfkQ==
  dependencies:
    ms "2.1.2"

dotenv@^16.0.3:
  version "16.0.3"
  resolved "https://npm.linecorp.com/dotenv/-/dotenv-16.0.3.tgz#115aec42bac5053db3c456db30cc243a5a836a07"
  integrity sha512-7GO6HghkA5fYG9TYnNxi14/7K9f5occMlp3zXAuSxn7CKCxt9xbNWG7yF8hTCSUchlfWSe3uLmlPfigevRItzQ==

es5-ext@^0.10.35, es5-ext@^0.10.50:
  version "0.10.62"
  resolved "https://npm.linecorp.com/es5-ext/-/es5-ext-0.10.62.tgz#5e6adc19a6da524bf3d1e02bbc8960e5eb49a9a5"
  integrity sha512-BHLqn0klhEpnOKSrzn/Xsz2UIW8j+cGmo9JLzr8BiUapV8hPL9+FliFqjwr9ngW7jWdnxv6eO+/LqyhJVqgrjA==
  dependencies:
    es6-iterator "^2.0.3"
    es6-symbol "^3.1.3"
    next-tick "^1.1.0"

es6-iterator@^2.0.3:
  version "2.0.3"
  resolved "https://npm.linecorp.com/es6-iterator/-/es6-iterator-2.0.3.tgz#a7de889141a05a94b0854403b2d0a0fbfa98f3b7"
  integrity sha512-zw4SRzoUkd+cl+ZoE15A9o1oQd920Bb0iOJMQkQhl3jNc03YqVjAhG7scf9C5KWRU/R13Orf588uCC6525o02g==
  dependencies:
    d "1"
    es5-ext "^0.10.35"
    es6-symbol "^3.1.1"

es6-symbol@^3.1.1, es6-symbol@^3.1.3:
  version "3.1.3"
  resolved "https://npm.linecorp.com/es6-symbol/-/es6-symbol-3.1.3.tgz#bad5d3c1bcdac28269f4cb331e431c78ac705d18"
  integrity sha512-NJ6Yn3FuDinBaBRWl/q5X/s4koRHBrgKAu+yGI6JCBeiu3qrcbJhwT2GeR/EXVfylRk8dpQVJoLEFhK+Mu31NA==
  dependencies:
    d "^1.0.1"
    ext "^1.1.2"

ext@^1.1.2:
  version "1.7.0"
  resolved "https://npm.linecorp.com/ext/-/ext-1.7.0.tgz#0ea4383c0103d60e70be99e9a7f11027a33c4f5f"
  integrity sha512-6hxeJYaL110a9b5TEJSj0gojyHQAmA2ch5Os+ySCiA1QGdS697XWY1pzsrSjqA9LDEEgdB/KypIlR59RcLuHYw==
  dependencies:
    type "^2.7.2"

inherits@~2.0.1:
  version "2.0.4"
  resolved "https://registry.yarnpkg.com/inherits/-/inherits-2.0.4.tgz#0fa2c64f932917c3433a0ded55363aae37416b7c"
  integrity sha512-k/vGaX4/Yla3WzyMCvTQOXYeIHvqOKtnqBduzTHpzpQZzAskKMhZ2K+EnBiSM9zGSoIFeMpXKxa4dYeZIQqewQ==

is-typedarray@^1.0.0:
  version "1.0.0"
  resolved "https://npm.linecorp.com/is-typedarray/-/is-typedarray-1.0.0.tgz#e479c80858df0c1b11ddda6940f96011fcda4a9a"
  integrity sha512-cyA56iCMHAh5CdzjJIa4aohJyeO1YbwLi3Jc35MmRU6poroFjIGZzUzupGiRPOjgHg9TLu43xbpwXk523fMxKA==

isarray@0.0.1:
  version "0.0.1"
  resolved "https://registry.yarnpkg.com/isarray/-/isarray-0.0.1.tgz#8a18acfca9a8f4177e09abfc6038939b05d1eedf"
  integrity sha512-D2S+3GLxWH+uhrNEcoh/fnmYeP8E8/zHl644d/jdA0g2uyXvy3sb0qxotE+ne0LtccHknQzWwZEzhak7oJ0COQ==

lodash.merge@^4.6.2:
  version "4.6.2"
  resolved "https://registry.yarnpkg.com/lodash.merge/-/lodash.merge-4.6.2.tgz#558aa53b43b661e1925a0afdfa36a9a1085fe57a"
  integrity sha512-0KpjqXRVvrYyCsX1swR/XTK0va6VQkQM6MNo7PqW77ByjAhoARA8EfrP1N4+KlKj8YS0ZUCtRT/YUuhyYDujIQ==

lru-cache@^6.0.0:
  version "6.0.0"
  resolved "https://registry.yarnpkg.com/lru-cache/-/lru-cache-6.0.0.tgz#6d6fe6570ebd96aaf90fcad1dafa3b2566db3a94"
  integrity sha512-Jo6dJ04CmSjuznwJSS3pUeWmd/H0ffTlkXXgwZi+eq1UCmqQwCh+eLsYOYCwY991i2Fah4h1BEMCx4qThGbsiA==
  dependencies:
    yallist "^4.0.0"

minimist@^1.2.8:
  version "1.2.8"
  resolved "https://registry.yarnpkg.com/minimist/-/minimist-1.2.8.tgz#c1a464e7693302e082a075cee0c057741ac4772c"
  integrity sha512-2yyAR8qBkN3YuheJanUpWC5U3bb5osDywNB8RzDVlDwDHbocAJveqqj1u8+SVD7jkWT4yvsHCpWqqWqAxb0zCA==

ms@2.0.0:
  version "2.0.0"
  resolved "https://npm.linecorp.com/ms/-/ms-2.0.0.tgz#5608aeadfc00be6c2901df5f9861788de0d597c8"
  integrity sha512-Tpp60P6IUJDTuOq/5Z8cdskzJujfwqfOTkrwIwj7IRISpnkJnT6SyJ4PCPnGMoFjC9ddhal5KVIYtAt97ix05A==

ms@2.1.2:
  version "2.1.2"
  resolved "https://registry.yarnpkg.com/ms/-/ms-2.1.2.tgz#d09d1f357b443f493382a8eb3ccd183872ae6009"
  integrity sha512-sGkPx+VjMtmA6MX27oA4FBFELFCZZ4S4XqeGOXCv68tT+jb3vk/RyaKWP0PTKyWtmLSM0b+adUTEvbs1PEaH2w==

next-tick@^1.1.0:
  version "1.1.0"
  resolved "https://npm.linecorp.com/next-tick/-/next-tick-1.1.0.tgz#1836ee30ad56d67ef281b22bd199f709449b35eb"
  integrity sha512-CXdUiJembsNjuToQvxayPZF9Vqht7hewsvy2sOWafLvi2awflj9mOC6bHIg50orX8IJvWKY9wYQ/zB2kogPslQ==

node-gyp-build@^4.3.0:
  version "4.6.0"
  resolved "https://npm.linecorp.com/node-gyp-build/-/node-gyp-build-4.6.0.tgz#0c52e4cbf54bbd28b709820ef7b6a3c2d6209055"
  integrity sha512-NTZVKn9IylLwUzaKjkas1e4u2DLNcV4rdYagA4PWdPwW87Bi7z+BznyKSRwS/761tV/lzCGXplWsiaMjLqP2zQ==

nostr-tools@^1.10.1:
  version "1.10.1"
  resolved "https://npm.linecorp.com/nostr-tools/-/nostr-tools-1.10.1.tgz#b52043b3031f4314478d0a3bfaa8ffb9cc4f98a0"
  integrity sha512-zgTYJeuZQ3CDASsmBEcB5i6V6l0IaA6cjnll6OVik3FoZcvbCaL7yP8I40hYnOIi3KlJykV7jEF9fn8h1NzMnA==
  dependencies:
    "@noble/hashes" "1.2.0"
    "@noble/secp256k1" "1.7.1"
    "@scure/base" "1.1.1"
    "@scure/bip32" "1.1.4"
    "@scure/bip39" "1.1.1"

prisma@^4.14.0:
  version "4.14.0"
  resolved "https://registry.yarnpkg.com/prisma/-/prisma-4.14.0.tgz#1328308f6b2b4b0f5f1e4839b4d81e817377e179"
  integrity sha512-+5dMl1uxMQb4RepndY6AwR9xi1cDcaGFICu+ws6/Nmgt93mFPNj8tYxSfTdmfg+rkNrUId9rk/Ac2vTgLe/oXA==
  dependencies:
    "@prisma/engines" "4.14.0"

querystringify@^2.1.1:
  version "2.2.0"
  resolved "https://registry.yarnpkg.com/querystringify/-/querystringify-2.2.0.tgz#3345941b4153cb9d082d8eee4cda2016a9aef7f6"
  integrity sha512-FIqgj2EUvTa7R50u0rGsyTftzjYmv/a3hO345bZNrqabNqjtgiDMgmo4mkUjd+nzU5oF3dClKqFIPUKybUyqoQ==

"readable-stream@1.x >=1.1.9":
  version "1.1.14"
  resolved "https://registry.yarnpkg.com/readable-stream/-/readable-stream-1.1.14.tgz#7cf4c54ef648e3813084c636dd2079e166c081d9"
  integrity sha512-+MeVjFf4L44XUkhM1eYbD8fyEsxcV81pqMSR5gblfcLCHfZvbrqy4/qYHE+/R5HoBUT11WV5O08Cr1n3YXkWVQ==
  dependencies:
    core-util-is "~1.0.0"
    inherits "~2.0.1"
    isarray "0.0.1"
    string_decoder "~0.10.x"

requires-port@^1.0.0:
  version "1.0.0"
  resolved "https://registry.yarnpkg.com/requires-port/-/requires-port-1.0.0.tgz#925d2601d39ac485e091cf0da5c6e694dc3dcaff"
  integrity sha512-KigOCHcocU3XODJxsu8i/j8T9tzT4adHiecwORRQ0ZZFcp7ahwXuRU1m+yuO90C5ZUyGeGfocHDI14M3L3yDAQ==

safe-buffer@~5.1.2:
  version "5.1.2"
  resolved "https://registry.yarnpkg.com/safe-buffer/-/safe-buffer-5.1.2.tgz#991ec69d296e0313747d59bdfd2b745c35f8828d"
  integrity sha512-Gd2UZBJDkXlY7GbJxfsE8/nvKkUEU1G38c1siN6QP6a9PT9MmHB8GnpscSmMJSoF8LOIrt8ud/wPtojys4G6+g==

semver@^7.1.3:
  version "7.5.1"
  resolved "https://registry.yarnpkg.com/semver/-/semver-7.5.1.tgz#c90c4d631cf74720e46b21c1d37ea07edfab91ec"
  integrity sha512-Wvss5ivl8TMRZXXESstBA4uR5iXgEN/VC5/sOcuXdVLzcdkz4HWetIoRfG5gb5X+ij/G9rw9YoGn3QoQ8OCSpw==
  dependencies:
    lru-cache "^6.0.0"

string_decoder@~0.10.x:
  version "0.10.31"
  resolved "https://registry.yarnpkg.com/string_decoder/-/string_decoder-0.10.31.tgz#62e203bc41766c6c28c9fc84301dab1c5310fa94"
  integrity sha512-ev2QzSzWPYmy9GuqfIVildA4OdcGLeFZQrq5ys6RtiuF+RQQiZWr8TZNyAcuVXyQRYfEO+MsoB/1BuQVhOJuoQ==

tstl@^2.0.7:
  version "2.5.13"
  resolved "https://npm.linecorp.com/tstl/-/tstl-2.5.13.tgz#a5a5d27b79a12767e46a08525b3e045c5cdb1180"
  integrity sha512-h9wayHHFI5+yqt8iau0vqH96cTNhezhZ/Fk/hrIdpfkiMu3lg9nzyvMfs5bIdX51IVzZO6DudLqhkL/rVXpT6g==

type@^1.0.1:
  version "1.2.0"
  resolved "https://npm.linecorp.com/type/-/type-1.2.0.tgz#848dd7698dafa3e54a6c479e759c4bc3f18847a0"
  integrity sha512-+5nt5AAniqsCnu2cEQQdpzCAh33kVx8n0VoFidKpB1dVVLAN/F+bgVOqOJqOnEnrhp222clB5p3vUlD+1QAnfg==

type@^2.7.2:
  version "2.7.2"
  resolved "https://npm.linecorp.com/type/-/type-2.7.2.tgz#2376a15a3a28b1efa0f5350dcf72d24df6ef98d0"
  integrity sha512-dzlvlNlt6AXU7EBSfpAscydQ7gXB+pPGsPnfJnZpiNJBDj7IaJzQlBZYGdEi4R9HmPdBv2XmWJ6YUtoTa7lmCw==

typedarray-to-buffer@^3.1.5:
  version "3.1.5"
  resolved "https://npm.linecorp.com/typedarray-to-buffer/-/typedarray-to-buffer-3.1.5.tgz#a97ee7a9ff42691b9f783ff1bc5112fe3fca9080"
  integrity sha512-zdu8XMNEDepKKR+XYOXAVPtWui0ly0NtohUscw+UmaHiAWT8hrV1rr//H6V+0DvJ3OQ19S979M0laLfX8rm82Q==
  dependencies:
    is-typedarray "^1.0.0"

url-parse@~1.5.10:
  version "1.5.10"
  resolved "https://registry.yarnpkg.com/url-parse/-/url-parse-1.5.10.tgz#9d3c2f736c1d75dd3bd2be507dcc111f1e2ea9c1"
  integrity sha512-WypcfiRhfeUP9vvF0j6rw0J3hrWrw6iZv3+22h6iRMJ/8z1Tj6XfLP4DsUix5MhMPnXpiHDoKyoZ/bdCkwBCiQ==
  dependencies:
    querystringify "^2.1.1"
    requires-port "^1.0.0"

utf-8-validate@^5.0.2:
  version "5.0.10"
  resolved "https://npm.linecorp.com/utf-8-validate/-/utf-8-validate-5.0.10.tgz#d7d10ea39318171ca982718b6b96a8d2442571a2"
  integrity sha512-Z6czzLq4u8fPOyx7TU6X3dvUZVvoJmxSQ+IcrlmagKhilxlhZgxPK6C5Jqbkw1IDUmFTM+cz9QDnnLTwDz/2gQ==
  dependencies:
    node-gyp-build "^4.3.0"

websocket-polyfill@^0.0.3:
  version "0.0.3"
  resolved "https://npm.linecorp.com/websocket-polyfill/-/websocket-polyfill-0.0.3.tgz#7321ada0f5f17516290ba1cb587ac111b74ce6a5"
  integrity sha512-pF3kR8Uaoau78MpUmFfzbIRxXj9PeQrCuPepGE6JIsfsJ/o/iXr07Q2iQNzKSSblQJ0FiGWlS64N4pVSm+O3Dg==
  dependencies:
    tstl "^2.0.7"
    websocket "^1.0.28"

websocket@^1.0.28:
  version "1.0.34"
  resolved "https://npm.linecorp.com/websocket/-/websocket-1.0.34.tgz#2bdc2602c08bf2c82253b730655c0ef7dcab3111"
  integrity sha512-PRDso2sGwF6kM75QykIesBijKSVceR6jL2G8NGYyq2XrItNC2P5/qL5XeR056GhA+Ly7JMFvJb9I312mJfmqnQ==
  dependencies:
    bufferutil "^4.0.1"
    debug "^2.2.0"
    es5-ext "^0.10.50"
    typedarray-to-buffer "^3.1.5"
    utf-8-validate "^5.0.2"
    yaeti "^0.0.6"

ws@^8.13.0:
  version "8.13.0"
  resolved "https://registry.yarnpkg.com/ws/-/ws-8.13.0.tgz#9a9fb92f93cf41512a0735c8f4dd09b8a1211cd0"
  integrity sha512-x9vcZYTrFPC7aSIbj7sRCYo7L/Xb8Iy+pW0ng0wt2vCJv7M9HOMy0UoN3rr+IFC7hb7vXoqS+P9ktyLLLhO+LA==

yaeti@^0.0.6:
  version "0.0.6"
  resolved "https://npm.linecorp.com/yaeti/-/yaeti-0.0.6.tgz#f26f484d72684cf42bedfb76970aa1608fbf9577"
  integrity sha512-MvQa//+KcZCUkBTIC9blM+CU9J2GzuTytsOUwf2lidtvkx/6gnEp1QvJv34t9vdjhFmha/mUiNDbN0D0mJWdug==

yallist@^4.0.0:
  version "4.0.0"
  resolved "https://registry.yarnpkg.com/yallist/-/yallist-4.0.0.tgz#9bb92790d9c0effec63be73519e11a35019a3a72"
  integrity sha512-3wdGidZyq5PB084XLES5TpOSRA3wjXAlIWMhum2kRcv/41Sn2emQ0dycQW4uZXLejwKvg6EsvbdlVL+FYEct7A==
